<?xml version="1.0" encoding="utf-8"?>
<Project ToolsVersion="4.0" xmlns="http://schemas.microsoft.com/developer/msbuild/2003">
  <ItemGroup>
    <Filter Include="소스 파일">
      <UniqueIdentifier>{4FC737F1-C7A5-4376-A066-2A32D752A2FF}</UniqueIdentifier>
      <Extensions>cpp;c;cc;cxx;def;odl;idl;hpj;bat;asm;asmx</Extensions>
    </Filter>
    <Filter Include="헤더 파일">
      <UniqueIdentifier>{93995380-89BD-4b04-88EB-625FBE52EBFB}</UniqueIdentifier>
      <Extensions>h;hh;hpp;hxx;hm;inl;inc;ipp;xsd</Extensions>
    </Filter>
    <Filter Include="리소스 파일">
      <UniqueIdentifier>{67DA6AB6-F800-4c08-8B7A-83BB121AAD01}</UniqueIdentifier>
      <Extensions>rc;ico;cur;bmp;dlg;rc2;rct;bin;rgs;gif;jpg;jpeg;jpe;resx;tiff;tif;png;wav;mfcribbon-ms</Extensions>
    </Filter>
    <Filter Include="Data">
      <UniqueIdentifier>{7443491d-904c-4410-b768-69a675b48677}</UniqueIdentifier>
    </Filter>
    <Filter Include="Define">
      <UniqueIdentifier>{732fc5ee-1bdd-47f6-84c9-07766d06b54e}</UniqueIdentifier>
    </Filter>
    <Filter Include="Thread">
      <UniqueIdentifier>{85fc7525-a870-4eea-a8d1-f5069007cc45}</UniqueIdentifier>
    </Filter>
    <Filter Include="Logger">
      <UniqueIdentifier>{bb506e7a-613c-4183-be9f-5418bc4fc757}</UniqueIdentifier>
    </Filter>
    <Filter Include="Socket">
      <UniqueIdentifier>{2f6217aa-ad8b-435f-8855-350eb1ef794a}</UniqueIdentifier>
    </Filter>
    <Filter Include="Socket\Iocp">
      <UniqueIdentifier>{e5cd6fc7-13e0-4ee6-9d79-a6e2400150ec}</UniqueIdentifier>
    </Filter>
    <Filter Include="DesignPattern">
      <UniqueIdentifier>{5c4d300b-bd49-4290-a40a-429c27656c9a}</UniqueIdentifier>
    </Filter>
    <Filter Include="Msg">
      <UniqueIdentifier>{351469e2-65e3-420a-8ccc-421956706d22}</UniqueIdentifier>
    </Filter>
    <Filter Include="Object">
      <UniqueIdentifier>{245c77e2-250d-49b2-8c61-54904add3c55}</UniqueIdentifier>
    </Filter>
    <Filter Include="CallBack">
      <UniqueIdentifier>{c2ae354b-4eb9-45a6-a9af-71706f281938}</UniqueIdentifier>
    </Filter>
    <Filter Include="Object\Wrapper">
      <UniqueIdentifier>{0992d025-27a2-4c36-963c-1b8b982c04d2}</UniqueIdentifier>
    </Filter>
    <Filter Include="Object\Pool">
      <UniqueIdentifier>{79764562-3479-45c7-bb3d-7648bf674267}</UniqueIdentifier>
    </Filter>
    <Filter Include="Object\Manager">
      <UniqueIdentifier>{e1939997-8cb6-48d1-b617-6c2c6e920a7b}</UniqueIdentifier>
    </Filter>
    <Filter Include="Object\Station">
      <UniqueIdentifier>{463d4501-d86d-4cff-8e9b-85b4e17a4182}</UniqueIdentifier>
    </Filter>
  </ItemGroup>
  <ItemGroup>
    <ClInclude Include="stdafx.h">
      <Filter>헤더 파일</Filter>
    </ClInclude>
    <ClInclude Include="targetver.h">
      <Filter>헤더 파일</Filter>
    </ClInclude>
    <ClInclude Include="DataStream.h">
      <Filter>Data</Filter>
    </ClInclude>
    <ClInclude Include="Storage.h">
      <Filter>Data</Filter>
    </ClInclude>
    <ClInclude Include="Log.h">
      <Filter>Define</Filter>
    </ClInclude>
    <ClInclude Include="Util.h">
      <Filter>Define</Filter>
    </ClInclude>
    <ClInclude Include="Define.h">
      <Filter>Define</Filter>
    </ClInclude>
    <ClInclude Include="resource.h">
      <Filter>헤더 파일</Filter>
    </ClInclude>
    <ClInclude Include="Logger.h">
      <Filter>Logger</Filter>
    </ClInclude>
    <ClInclude Include="SocketBase.h">
      <Filter>Socket</Filter>
    </ClInclude>
    <ClInclude Include="ThreadBase.h">
      <Filter>Thread</Filter>
    </ClInclude>
    <ClInclude Include="Msg.h">
      <Filter>Msg</Filter>
    </ClInclude>
    <ClInclude Include="ThreadManager.h">
      <Filter>Thread</Filter>
    </ClInclude>
    <ClInclude Include="ObjectCycleCallBack.h">
      <Filter>CallBack</Filter>
    </ClInclude>
    <ClInclude Include="CallBackManager.h">
      <Filter>CallBack</Filter>
    </ClInclude>
    <ClInclude Include="CallBack.h">
      <Filter>CallBack</Filter>
    </ClInclude>
    <ClInclude Include="wrapper.h">
      <Filter>Object\Wrapper</Filter>
    </ClInclude>
    <ClInclude Include="singleton.h">
      <Filter>DesignPattern</Filter>
    </ClInclude>
    <ClInclude Include="ObjectPool.h">
      <Filter>Object\Pool</Filter>
    </ClInclude>
    <ClInclude Include="ObjectManager.h">
      <Filter>Object\Manager</Filter>
    </ClInclude>
    <ClInclude Include="ObjectStation.h">
      <Filter>Object\Station</Filter>
    </ClInclude>
  </ItemGroup>
  <ItemGroup>
    <ClCompile Include="stdafx.cpp">
      <Filter>소스 파일</Filter>
    </ClCompile>
    <ClCompile Include="Log.cpp">
      <Filter>Define</Filter>
    </ClCompile>
    <ClCompile Include="Logger.cpp">
      <Filter>Logger</Filter>
    </ClCompile>
    <ClCompile Include="ThreadBase.cpp">
      <Filter>Thread</Filter>
    </ClCompile>
    <ClCompile Include="CallBackManager.cpp">
      <Filter>CallBack</Filter>
    </ClCompile>
    <ClCompile Include="ObjectPool.cpp">
      <Filter>Object\Pool</Filter>
    </ClCompile>
    <ClCompile Include="ObjectStation.cpp">
      <Filter>Object\Station</Filter>
    </ClCompile>
  </ItemGroup>
  <ItemGroup>
    <ResourceCompile Include="CoreLib.rc">
      <Filter>리소스 파일</Filter>
    </ResourceCompile>
  </ItemGroup>
</Project>